lockfileVersion: 5.3

overrides:
  ansi-regex@>2.1.1 <5.0.1: '>=5.0.1'
  nth-check@<2.0.1: '>=2.0.1'
  tar@<4.4.18: '>=4.4.18'
  tar@<4.4.16: '>=4.4.16'
  tar@<3.2.2: '>=3.2.2'
  tar@<3.2.3: '>=3.2.3'
  glob-parent@<5.1.2: '>=5.1.2'
  trim-newlines@<3.0.1: '>=3.0.1'

specifiers:
  '@rails/actioncable': ^6.1.4
  '@rails/activestorage': ^6.1.4
  '@rails/ujs': ^6.1.4
  turbolinks: ^5.2.0

dependencies:
  '@rails/actioncable': 6.1.4
  '@rails/activestorage': 6.1.4
  '@rails/ujs': 6.1.4
  turbolinks: 5.2.0

packages:

  /@rails/actioncable/6.1.4:
    resolution: {integrity: sha512-0LmSKJTuo2dL6BQ+9xxLnS9lbkyfz2mBGeBnQ2J7o9Bn0l0q+ZC6VuoZMZZXPvABI4QT7Nfknv5WhfKYL+boew==}
    dev: false

  /@rails/activestorage/6.1.4:
    resolution: {integrity: sha512-1Tm8uaVBhLTDEG4YaFPvqguhjbUGSPVItm0CfkRpIFZIkybWzFAxatIrk4YVOOxB8ZdXS7GdeYa1qVwjdiDkgQ==}
    dependencies:
      spark-md5: 3.0.2
    dev: false

  /@rails/ujs/6.1.4:
    resolution: {integrity: sha512-O3lEzL5DYbxppMdsFSw36e4BHIlfz/xusynwXGv3l2lhSlvah41qviRpsoAlKXxl37nZAqK+UUF5cnGGK45Mfw==}
    dev: false

  /spark-md5/3.0.2:
    resolution: {integrity: sha512-wcFzz9cDfbuqe0FZzfi2or1sgyIrsDwmPwfZC4hiNidPdPINjeUwNfv5kldczoEAcjl9Y1L3SM7Uz2PUEQzxQw==}
    dev: false

  /turbolinks/5.2.0:
    resolution: {integrity: sha512-pMiez3tyBo6uRHFNNZoYMmrES/IaGgMhQQM+VFF36keryjb5ms0XkVpmKHkfW/4Vy96qiGW3K9bz0tF5sK9bBw==}
    dev: false
